
Microsoft Visual Studio Solution File, Format Version 12.00
# Visual Studio Version 16
VisualStudioVersion = 16.0.29424.173
MinimumVisualStudioVersion = 10.0.40219.1
Project("{9A19103F-16F7-4668-BE54-9A1E7A4F7556}") = "Lab01", "Lab01\Lab01.csproj", "{7F83A8DB-D12E-4DE4-924B-819C950220F9}"
EndProject
Project("{9A19103F-16F7-4668-BE54-9A1E7A4F7556}") = "Lab02OOPMamalsWithInterfaces", "Lab02OOPMamalsWithInterfaces\Lab02OOPMamalsWithInterfaces.csproj", "{0AE55506-F14F-4D2E-9877-94E86214ACE4}"
EndProject
Project("{9A19103F-16F7-4668-BE54-9A1E7A4F7556}") = "Lab03OOPEveryFeatureCombined", "Lab03OOPEveryFeatureCombined\Lab03OOPEveryFeatureCombined.csproj", "{E83922EF-B54B-4EB0-BCD4-9B770C9857B4}"
EndProject
Project("{9A19103F-16F7-4668-BE54-9A1E7A4F7556}") = "Lab05CRUDAppRawSQL", "Lab05CRUDAppRawSQL\Lab05CRUDAppRawSQL.csproj", "{BE081C9C-3AB2-4BD3-A06B-6E899D0D1630}"
EndProject
Project("{9A19103F-16F7-4668-BE54-9A1E7A4F7556}") = "Lab06Rabbits100", "Lab06Rabbits100\Lab06Rabbits100.csproj", "{E987F579-1AE8-4459-838A-F993EFDBA52A}"
EndProject
Project("{9A19103F-16F7-4668-BE54-9A1E7A4F7556}") = "Lab08Collections", "Lab08Collections\Lab08Collections.csproj", "{6897EC79-000B-4E75-9EE1-E832A10B3A54}"
EndProject
Project("{9A19103F-16F7-4668-BE54-9A1E7A4F7556}") = "NUnitTests", "Lab08Collections.Test\NUnitTests.csproj", "{744E29AA-F904-4734-936C-77ABB0E00BE7}"
EndProject
Project("{9A19103F-16F7-4668-BE54-9A1E7A4F7556}") = "Lab09RabbitTest", "Lab09RabbitTest\Lab09RabbitTest.csproj", "{33444704-A66C-40A3-B37B-E42158E7F318}"
EndProject
Project("{9A19103F-16F7-4668-BE54-9A1E7A4F7556}") = "Lab10Events", "Lab10AdvancedCoding\Lab10Events.csproj", "{EF443EA8-ED41-47D8-BB35-9ECDCE991108}"
EndProject
Project("{9A19103F-16F7-4668-BE54-9A1E7A4F7556}") = "Lab11Delegates", "Lab11Delegates\Lab11Delegates.csproj", "{49F6D2AE-B9F7-4755-8930-C863938716AE}"
EndProject
Project("{9A19103F-16F7-4668-BE54-9A1E7A4F7556}") = "Lab12OOPEvents", "Lab12OOPEvents\Lab12OOPEvents.csproj", "{33C603B2-F9EC-4DA2-A827-4C30CCFC8F13}"
EndProject
Project("{FAE04EC0-301F-11D3-BF4B-00C04F79EFBC}") = "Lab13WPFToDoApplication", "Lab13WPFToDoApplication\Lab13WPFToDoApplication.csproj", "{919D0B7E-FC3D-4F90-9F9D-8386F030DC67}"
EndProject
Project("{9A19103F-16F7-4668-BE54-9A1E7A4F7556}") = "Lab14LINQ", "Lab14LINQ\Lab14LINQ.csproj", "{BCF515AE-ECD3-46DC-8BCD-EBF86C8C0431}"
EndProject
Project("{9A19103F-16F7-4668-BE54-9A1E7A4F7556}") = "Lab15Tasks", "Lab15Tasks\Lab15Tasks.csproj", "{08F09FAB-15A8-4DCA-8962-F6AD994A8262}"
EndProject
Project("{9A19103F-16F7-4668-BE54-9A1E7A4F7556}") = "Lab16Tasks", "ConsoleApp1\Lab16Tasks.csproj", "{FC815852-3729-4DAD-BE84-CF6BF4E9AD47}"
EndProject
Project("{FAE04EC0-301F-11D3-BF4B-00C04F79EFBC}") = "Lab17NorthwindTests", "Lab17NorthwindTests\Lab17NorthwindTests.csproj", "{DE4E0D4B-04CD-48D1-830D-1622DA45B5F5}"
EndProject
Project("{9A19103F-16F7-4668-BE54-9A1E7A4F7556}") = "Lab18Streaming", "Lab18Streaming\Lab18Streaming.csproj", "{78E661D7-2DBB-4090-A09A-12AF947FCCC0}"
EndProject
Project("{9A19103F-16F7-4668-BE54-9A1E7A4F7556}") = "Lab19Http", "Lab19Http\Lab19Http.csproj", "{EDF12286-7BA9-44DE-9383-97DCCC1497EC}"
EndProject
Project("{9A19103F-16F7-4668-BE54-9A1E7A4F7556}") = "Lab20NorthwindProducts", "Lab20NorthwindProducts\Lab20NorthwindProducts.csproj", "{491BC2C3-0B50-4691-B275-77615F0C2500}"
EndProject
Project("{9A19103F-16F7-4668-BE54-9A1E7A4F7556}") = "Lab21AsyncAndAwait", "Lab21AsyncAndAwait\Lab21AsyncAndAwait.csproj", "{4D168A8E-60AA-41CF-B75A-9BE998FBC5DA}"
EndProject
Project("{9A19103F-16F7-4668-BE54-9A1E7A4F7556}") = "Lab22SerializationXML", "Lab22Serialization\Lab22SerializationXML.csproj", "{7DE9F70D-AB24-45F3-BD72-A9BC1FC7A18B}"
EndProject
Project("{9A19103F-16F7-4668-BE54-9A1E7A4F7556}") = "Lab23SerializeJSON", "Lab23SerializeJSON\Lab23SerializeJSON.csproj", "{DC6E2284-66A2-43FB-83D5-13DE138927AF}"
EndProject
Project("{9A19103F-16F7-4668-BE54-9A1E7A4F7556}") = "Lab24SerializeBinary", "Lab24SerializeBinary\Lab24SerializeBinary.csproj", "{38EB129F-6396-43F8-AECD-AF2DF6E262B1}"
EndProject
Project("{FAE04EC0-301F-11D3-BF4B-00C04F79EFBC}") = "DemoAPINorthwind", "DemoAPINorthwind\DemoAPINorthwind.csproj", "{5B475C89-5369-49FE-997C-919FCCE247DC}"
EndProject
Project("{FAE04EC0-301F-11D3-BF4B-00C04F79EFBC}") = "Lab25ASPFirstWebsite", "Lab25ASPFirstWebsite\Lab25ASPFirstWebsite.csproj", "{7CC69BBE-84A6-4CDC-B9EB-C1F25A41FBD5}"
EndProject
Project("{FAE04EC0-301F-11D3-BF4B-00C04F79EFBC}") = "Lab26MVC", "Lab26MVC\Lab26MVC.csproj", "{224C3DAE-9D3A-4677-B0EF-F766937E2A15}"
EndProject
Global
	GlobalSection(SolutionConfigurationPlatforms) = preSolution
		Debug|Any CPU = Debug|Any CPU
		Release|Any CPU = Release|Any CPU
	EndGlobalSection
	GlobalSection(ProjectConfigurationPlatforms) = postSolution
		{7F83A8DB-D12E-4DE4-924B-819C950220F9}.Debug|Any CPU.ActiveCfg = Debug|Any CPU
		{7F83A8DB-D12E-4DE4-924B-819C950220F9}.Debug|Any CPU.Build.0 = Debug|Any CPU
		{7F83A8DB-D12E-4DE4-924B-819C950220F9}.Release|Any CPU.ActiveCfg = Release|Any CPU
		{7F83A8DB-D12E-4DE4-924B-819C950220F9}.Release|Any CPU.Build.0 = Release|Any CPU
		{0AE55506-F14F-4D2E-9877-94E86214ACE4}.Debug|Any CPU.ActiveCfg = Debug|Any CPU
		{0AE55506-F14F-4D2E-9877-94E86214ACE4}.Debug|Any CPU.Build.0 = Debug|Any CPU
		{0AE55506-F14F-4D2E-9877-94E86214ACE4}.Release|Any CPU.ActiveCfg = Release|Any CPU
		{0AE55506-F14F-4D2E-9877-94E86214ACE4}.Release|Any CPU.Build.0 = Release|Any CPU
		{E83922EF-B54B-4EB0-BCD4-9B770C9857B4}.Debug|Any CPU.ActiveCfg = Debug|Any CPU
		{E83922EF-B54B-4EB0-BCD4-9B770C9857B4}.Debug|Any CPU.Build.0 = Debug|Any CPU
		{E83922EF-B54B-4EB0-BCD4-9B770C9857B4}.Release|Any CPU.ActiveCfg = Release|Any CPU
		{E83922EF-B54B-4EB0-BCD4-9B770C9857B4}.Release|Any CPU.Build.0 = Release|Any CPU
		{BE081C9C-3AB2-4BD3-A06B-6E899D0D1630}.Debug|Any CPU.ActiveCfg = Debug|Any CPU
		{BE081C9C-3AB2-4BD3-A06B-6E899D0D1630}.Debug|Any CPU.Build.0 = Debug|Any CPU
		{BE081C9C-3AB2-4BD3-A06B-6E899D0D1630}.Release|Any CPU.ActiveCfg = Release|Any CPU
		{BE081C9C-3AB2-4BD3-A06B-6E899D0D1630}.Release|Any CPU.Build.0 = Release|Any CPU
		{E987F579-1AE8-4459-838A-F993EFDBA52A}.Debug|Any CPU.ActiveCfg = Debug|Any CPU
		{E987F579-1AE8-4459-838A-F993EFDBA52A}.Debug|Any CPU.Build.0 = Debug|Any CPU
		{E987F579-1AE8-4459-838A-F993EFDBA52A}.Release|Any CPU.ActiveCfg = Release|Any CPU
		{E987F579-1AE8-4459-838A-F993EFDBA52A}.Release|Any CPU.Build.0 = Release|Any CPU
		{6897EC79-000B-4E75-9EE1-E832A10B3A54}.Debug|Any CPU.ActiveCfg = Debug|Any CPU
		{6897EC79-000B-4E75-9EE1-E832A10B3A54}.Debug|Any CPU.Build.0 = Debug|Any CPU
		{6897EC79-000B-4E75-9EE1-E832A10B3A54}.Release|Any CPU.ActiveCfg = Release|Any CPU
		{6897EC79-000B-4E75-9EE1-E832A10B3A54}.Release|Any CPU.Build.0 = Release|Any CPU
		{744E29AA-F904-4734-936C-77ABB0E00BE7}.Debug|Any CPU.ActiveCfg = Debug|Any CPU
		{744E29AA-F904-4734-936C-77ABB0E00BE7}.Debug|Any CPU.Build.0 = Debug|Any CPU
		{744E29AA-F904-4734-936C-77ABB0E00BE7}.Release|Any CPU.ActiveCfg = Release|Any CPU
		{744E29AA-F904-4734-936C-77ABB0E00BE7}.Release|Any CPU.Build.0 = Release|Any CPU
		{33444704-A66C-40A3-B37B-E42158E7F318}.Debug|Any CPU.ActiveCfg = Debug|Any CPU
		{33444704-A66C-40A3-B37B-E42158E7F318}.Debug|Any CPU.Build.0 = Debug|Any CPU
		{33444704-A66C-40A3-B37B-E42158E7F318}.Release|Any CPU.ActiveCfg = Release|Any CPU
		{33444704-A66C-40A3-B37B-E42158E7F318}.Release|Any CPU.Build.0 = Release|Any CPU
		{EF443EA8-ED41-47D8-BB35-9ECDCE991108}.Debug|Any CPU.ActiveCfg = Debug|Any CPU
		{EF443EA8-ED41-47D8-BB35-9ECDCE991108}.Debug|Any CPU.Build.0 = Debug|Any CPU
		{EF443EA8-ED41-47D8-BB35-9ECDCE991108}.Release|Any CPU.ActiveCfg = Release|Any CPU
		{EF443EA8-ED41-47D8-BB35-9ECDCE991108}.Release|Any CPU.Build.0 = Release|Any CPU
		{49F6D2AE-B9F7-4755-8930-C863938716AE}.Debug|Any CPU.ActiveCfg = Debug|Any CPU
		{49F6D2AE-B9F7-4755-8930-C863938716AE}.Debug|Any CPU.Build.0 = Debug|Any CPU
		{49F6D2AE-B9F7-4755-8930-C863938716AE}.Release|Any CPU.ActiveCfg = Release|Any CPU
		{49F6D2AE-B9F7-4755-8930-C863938716AE}.Release|Any CPU.Build.0 = Release|Any CPU
		{33C603B2-F9EC-4DA2-A827-4C30CCFC8F13}.Debug|Any CPU.ActiveCfg = Debug|Any CPU
		{33C603B2-F9EC-4DA2-A827-4C30CCFC8F13}.Debug|Any CPU.Build.0 = Debug|Any CPU
		{33C603B2-F9EC-4DA2-A827-4C30CCFC8F13}.Release|Any CPU.ActiveCfg = Release|Any CPU
		{33C603B2-F9EC-4DA2-A827-4C30CCFC8F13}.Release|Any CPU.Build.0 = Release|Any CPU
		{919D0B7E-FC3D-4F90-9F9D-8386F030DC67}.Debug|Any CPU.ActiveCfg = Debug|Any CPU
		{919D0B7E-FC3D-4F90-9F9D-8386F030DC67}.Debug|Any CPU.Build.0 = Debug|Any CPU
		{919D0B7E-FC3D-4F90-9F9D-8386F030DC67}.Release|Any CPU.ActiveCfg = Release|Any CPU
		{919D0B7E-FC3D-4F90-9F9D-8386F030DC67}.Release|Any CPU.Build.0 = Release|Any CPU
		{BCF515AE-ECD3-46DC-8BCD-EBF86C8C0431}.Debug|Any CPU.ActiveCfg = Debug|Any CPU
		{BCF515AE-ECD3-46DC-8BCD-EBF86C8C0431}.Debug|Any CPU.Build.0 = Debug|Any CPU
		{BCF515AE-ECD3-46DC-8BCD-EBF86C8C0431}.Release|Any CPU.ActiveCfg = Release|Any CPU
		{BCF515AE-ECD3-46DC-8BCD-EBF86C8C0431}.Release|Any CPU.Build.0 = Release|Any CPU
		{08F09FAB-15A8-4DCA-8962-F6AD994A8262}.Debug|Any CPU.ActiveCfg = Debug|Any CPU
		{08F09FAB-15A8-4DCA-8962-F6AD994A8262}.Debug|Any CPU.Build.0 = Debug|Any CPU
		{08F09FAB-15A8-4DCA-8962-F6AD994A8262}.Release|Any CPU.ActiveCfg = Release|Any CPU
		{08F09FAB-15A8-4DCA-8962-F6AD994A8262}.Release|Any CPU.Build.0 = Release|Any CPU
		{FC815852-3729-4DAD-BE84-CF6BF4E9AD47}.Debug|Any CPU.ActiveCfg = Debug|Any CPU
		{FC815852-3729-4DAD-BE84-CF6BF4E9AD47}.Debug|Any CPU.Build.0 = Debug|Any CPU
		{FC815852-3729-4DAD-BE84-CF6BF4E9AD47}.Release|Any CPU.ActiveCfg = Release|Any CPU
		{FC815852-3729-4DAD-BE84-CF6BF4E9AD47}.Release|Any CPU.Build.0 = Release|Any CPU
		{DE4E0D4B-04CD-48D1-830D-1622DA45B5F5}.Debug|Any CPU.ActiveCfg = Debug|Any CPU
		{DE4E0D4B-04CD-48D1-830D-1622DA45B5F5}.Debug|Any CPU.Build.0 = Debug|Any CPU
		{DE4E0D4B-04CD-48D1-830D-1622DA45B5F5}.Release|Any CPU.ActiveCfg = Release|Any CPU
		{DE4E0D4B-04CD-48D1-830D-1622DA45B5F5}.Release|Any CPU.Build.0 = Release|Any CPU
		{78E661D7-2DBB-4090-A09A-12AF947FCCC0}.Debug|Any CPU.ActiveCfg = Debug|Any CPU
		{78E661D7-2DBB-4090-A09A-12AF947FCCC0}.Debug|Any CPU.Build.0 = Debug|Any CPU
		{78E661D7-2DBB-4090-A09A-12AF947FCCC0}.Release|Any CPU.ActiveCfg = Release|Any CPU
		{78E661D7-2DBB-4090-A09A-12AF947FCCC0}.Release|Any CPU.Build.0 = Release|Any CPU
		{EDF12286-7BA9-44DE-9383-97DCCC1497EC}.Debug|Any CPU.ActiveCfg = Debug|Any CPU
		{EDF12286-7BA9-44DE-9383-97DCCC1497EC}.Debug|Any CPU.Build.0 = Debug|Any CPU
		{EDF12286-7BA9-44DE-9383-97DCCC1497EC}.Release|Any CPU.ActiveCfg = Release|Any CPU
		{EDF12286-7BA9-44DE-9383-97DCCC1497EC}.Release|Any CPU.Build.0 = Release|Any CPU
		{491BC2C3-0B50-4691-B275-77615F0C2500}.Debug|Any CPU.ActiveCfg = Debug|Any CPU
		{491BC2C3-0B50-4691-B275-77615F0C2500}.Debug|Any CPU.Build.0 = Debug|Any CPU
		{491BC2C3-0B50-4691-B275-77615F0C2500}.Release|Any CPU.ActiveCfg = Release|Any CPU
		{491BC2C3-0B50-4691-B275-77615F0C2500}.Release|Any CPU.Build.0 = Release|Any CPU
		{4D168A8E-60AA-41CF-B75A-9BE998FBC5DA}.Debug|Any CPU.ActiveCfg = Debug|Any CPU
		{4D168A8E-60AA-41CF-B75A-9BE998FBC5DA}.Debug|Any CPU.Build.0 = Debug|Any CPU
		{4D168A8E-60AA-41CF-B75A-9BE998FBC5DA}.Release|Any CPU.ActiveCfg = Release|Any CPU
		{4D168A8E-60AA-41CF-B75A-9BE998FBC5DA}.Release|Any CPU.Build.0 = Release|Any CPU
		{7DE9F70D-AB24-45F3-BD72-A9BC1FC7A18B}.Debug|Any CPU.ActiveCfg = Debug|Any CPU
		{7DE9F70D-AB24-45F3-BD72-A9BC1FC7A18B}.Debug|Any CPU.Build.0 = Debug|Any CPU
		{7DE9F70D-AB24-45F3-BD72-A9BC1FC7A18B}.Release|Any CPU.ActiveCfg = Release|Any CPU
		{7DE9F70D-AB24-45F3-BD72-A9BC1FC7A18B}.Release|Any CPU.Build.0 = Release|Any CPU
		{DC6E2284-66A2-43FB-83D5-13DE138927AF}.Debug|Any CPU.ActiveCfg = Debug|Any CPU
		{DC6E2284-66A2-43FB-83D5-13DE138927AF}.Debug|Any CPU.Build.0 = Debug|Any CPU
		{DC6E2284-66A2-43FB-83D5-13DE138927AF}.Release|Any CPU.ActiveCfg = Release|Any CPU
		{DC6E2284-66A2-43FB-83D5-13DE138927AF}.Release|Any CPU.Build.0 = Release|Any CPU
		{38EB129F-6396-43F8-AECD-AF2DF6E262B1}.Debug|Any CPU.ActiveCfg = Debug|Any CPU
		{38EB129F-6396-43F8-AECD-AF2DF6E262B1}.Debug|Any CPU.Build.0 = Debug|Any CPU
		{38EB129F-6396-43F8-AECD-AF2DF6E262B1}.Release|Any CPU.ActiveCfg = Release|Any CPU
		{38EB129F-6396-43F8-AECD-AF2DF6E262B1}.Release|Any CPU.Build.0 = Release|Any CPU
		{5B475C89-5369-49FE-997C-919FCCE247DC}.Debug|Any CPU.ActiveCfg = Debug|Any CPU
		{5B475C89-5369-49FE-997C-919FCCE247DC}.Debug|Any CPU.Build.0 = Debug|Any CPU
		{5B475C89-5369-49FE-997C-919FCCE247DC}.Release|Any CPU.ActiveCfg = Release|Any CPU
		{5B475C89-5369-49FE-997C-919FCCE247DC}.Release|Any CPU.Build.0 = Release|Any CPU
		{7CC69BBE-84A6-4CDC-B9EB-C1F25A41FBD5}.Debug|Any CPU.ActiveCfg = Debug|Any CPU
		{7CC69BBE-84A6-4CDC-B9EB-C1F25A41FBD5}.Debug|Any CPU.Build.0 = Debug|Any CPU
		{7CC69BBE-84A6-4CDC-B9EB-C1F25A41FBD5}.Release|Any CPU.ActiveCfg = Release|Any CPU
		{7CC69BBE-84A6-4CDC-B9EB-C1F25A41FBD5}.Release|Any CPU.Build.0 = Release|Any CPU
		{224C3DAE-9D3A-4677-B0EF-F766937E2A15}.Debug|Any CPU.ActiveCfg = Debug|Any CPU
		{224C3DAE-9D3A-4677-B0EF-F766937E2A15}.Debug|Any CPU.Build.0 = Debug|Any CPU
		{224C3DAE-9D3A-4677-B0EF-F766937E2A15}.Release|Any CPU.ActiveCfg = Release|Any CPU
		{224C3DAE-9D3A-4677-B0EF-F766937E2A15}.Release|Any CPU.Build.0 = Release|Any CPU
	EndGlobalSection
	GlobalSection(SolutionProperties) = preSolution
		HideSolutionNode = FALSE
	EndGlobalSection
	GlobalSection(ExtensibilityGlobals) = postSolution
		SolutionGuid = {981DF83B-C7AD-46F9-B9E4-A042D3B9C623}
	EndGlobalSection
EndGlobal
